
Microsoft Visual Studio Solution File, Format Version 12.00
# Visual Studio Version 17
VisualStudioVersion = 17.4.33103.184
MinimumVisualStudioVersion = 10.0.40219.1
Project("{FAE04EC0-301F-11D3-BF4B-00C04F79EFBC}") = "Test", "Test\Test.csproj", "{ABD2004A-C1A3-456E-9389-21986AF0A8F4}"
EndProject
Global
	GlobalSection(SolutionConfigurationPlatforms) = preSolution
		Debug|Any CPU = Debug|Any CPU
		Release|Any CPU = Release|Any CPU
	EndGlobalSection
	GlobalSection(ProjectConfigurationPlatforms) = postSolution
		{ABD2004A-C1A3-456E-9389-21986AF0A8F4}.Debug|Any CPU.ActiveCfg = Debug|Any CPU
		{ABD2004A-C1A3-456E-9389-21986AF0A8F4}.Debug|Any CPU.Build.0 = Debug|Any CPU
		{ABD2004A-C1A3-456E-9389-21986AF0A8F4}.Release|Any CPU.ActiveCfg = Release|Any CPU
		{ABD2004A-C1A3-456E-9389-21986AF0A8F4}.Release|Any CPU.Build.0 = Release|Any CPU
	EndGlobalSection
	GlobalSection(SolutionProperties) = preSolution
		HideSolutionNode = FALSE
	EndGlobalSection
	GlobalSection(ExtensibilityGlobals) = postSolution
		SolutionGuid = {F641A340-E94B-4DC5-8255-2F20F901E8BB}
	EndGlobalSection
EndGlobal
